# This file is automatically @generated by Cargo.
# It is not intended for manual editing.
version = 4

[[package]]
name = "arrayvec"
version = "0.7.6"
source = "registry+https://github.com/rust-lang/crates.io-index"
checksum = "7c02d123df017efcdfbd739ef81735b36c5ba83ec3c59c80a9d7ecc718f92e50"

[[package]]
name = "libc"
version = "0.2.182"
source = "registry+https://github.com/rust-lang/crates.io-index"
checksum = "6800badb6cb2082ffd7b6a67e6125bb39f18782f793520caee8cb8846be06112"

[[package]]
name = "roc_io_error"
version = "0.1.0"
dependencies = [
 "roc_std",
]

[[package]]
name = "roc_platform_core"
version = "0.1.0"
dependencies = [
 "libc",
 "roc_io_error",
 "roc_std",
]

[[package]]
name = "roc_std"
version = "0.0.1"
source = "git+https://github.com/roc-lang/roc.git#803731066062317961bdad44dd9763ad4eec4c55"
dependencies = [
 "arrayvec",
 "static_assertions",
]

[[package]]
name = "static_assertions"
version = "1.1.0"
source = "registry+https://github.com/rust-lang/crates.io-index"
checksum = "a2eb9349b6444b326872e140eb1cf5e7c522154d69e7a0ffb0fb81c06b37543f"
